
Microsoft Visual Studio Solution File, Format Version 12.00
# Visual Studio Version 17
VisualStudioVersion = 17.4.33110.190
MinimumVisualStudioVersion = 10.0.40219.1
Project("{FAE04EC0-301F-11D3-BF4B-00C04F79EFBC}") = "WpfApp", "WpfApp\WpfApp.csproj", "{8A64293E-AE0E-4538-955E-58251975ECEE}"
EndProject
Global
	GlobalSection(SolutionConfigurationPlatforms) = preSolution
		Debug|Any CPU = Debug|Any CPU
		Release|Any CPU = Release|Any CPU
	EndGlobalSection
	GlobalSection(ProjectConfigurationPlatforms) = postSolution
		{8A64293E-AE0E-4538-955E-58251975ECEE}.Debug|Any CPU.ActiveCfg = Debug|Any CPU
		{8A64293E-AE0E-4538-955E-58251975ECEE}.Debug|Any CPU.Build.0 = Debug|Any CPU
		{8A64293E-AE0E-4538-955E-58251975ECEE}.Release|Any CPU.ActiveCfg = Release|Any CPU
		{8A64293E-AE0E-4538-955E-58251975ECEE}.Release|Any CPU.Build.0 = Release|Any CPU
	EndGlobalSection
	GlobalSection(SolutionProperties) = preSolution
		HideSolutionNode = FALSE
	EndGlobalSection
	GlobalSection(ExtensibilityGlobals) = postSolution
		SolutionGuid = {719280E3-672F-4FD2-9AA3-30FC2B42B3D6}
	EndGlobalSection
EndGlobal
